
Microsoft Visual Studio Solution File, Format Version 12.00
# Visual Studio Version 16
VisualStudioVersion = 16.0.29519.87
MinimumVisualStudioVersion = 10.0.40219.1
Project("{9A19103F-16F7-4668-BE54-9A1E7A4F7556}") = "laasingest", "laasingest.csproj", "{69EDF3BF-D2FF-4D7F-B744-C5D39E5E993F}"
EndProject
Global
	GlobalSection(SolutionConfigurationPlatforms) = preSolution
		Debug|Any CPU = Debug|Any CPU
		Release|Any CPU = Release|Any CPU
	EndGlobalSection
	GlobalSection(ProjectConfigurationPlatforms) = postSolution
		{69EDF3BF-D2FF-4D7F-B744-C5D39E5E993F}.Debug|Any CPU.ActiveCfg = Debug|Any CPU
		{69EDF3BF-D2FF-4D7F-B744-C5D39E5E993F}.Debug|Any CPU.Build.0 = Debug|Any CPU
		{69EDF3BF-D2FF-4D7F-B744-C5D39E5E993F}.Release|Any CPU.ActiveCfg = Release|Any CPU
		{69EDF3BF-D2FF-4D7F-B744-C5D39E5E993F}.Release|Any CPU.Build.0 = Release|Any CPU
	EndGlobalSection
	GlobalSection(SolutionProperties) = preSolution
		HideSolutionNode = FALSE
	EndGlobalSection
	GlobalSection(ExtensibilityGlobals) = postSolution
		SolutionGuid = {0D7DA84B-A619-4629-9ED6-F6238C4569C6}
	EndGlobalSection
EndGlobal
